// !$*UTF8*$!
{
	archiveVersion = 1;
	classes = {
	};
	objectVersion = 50;
	objects = {

/* Begin PBXBuildFile section */
		564FEC96251939CE000682B7 /* AppDelegate.swift in Sources */ = {isa = PBXBuildFile; fileRef = 564FEC95251939CE000682B7 /* AppDelegate.swift */; };
		564FEC98251939CE000682B7 /* SceneDelegate.swift in Sources */ = {isa = PBXBuildFile; fileRef = 564FEC97251939CE000682B7 /* SceneDelegate.swift */; };
		564FEC9A251939CE000682B7 /* ViewController.swift in Sources */ = {isa = PBXBuildFile; fileRef = 564FEC99251939CE000682B7 /* ViewController.swift */; };
		564FEC9D251939CE000682B7 /* Main.storyboard in Resources */ = {isa = PBXBuildFile; fileRef = 564FEC9B251939CE000682B7 /* Main.storyboard */; };
		564FEC9F251939CE000682B7 /* Assets.xcassets in Resources */ = {isa = PBXBuildFile; fileRef = 564FEC9E251939CE000682B7 /* Assets.xcassets */; };
		564FECA2251939CE000682B7 /* LaunchScreen.storyboard in Resources */ = {isa = PBXBuildFile; fileRef = 564FECA0251939CE000682B7 /* LaunchScreen.storyboard */; };
/* End PBXBuildFile section */

/* Begin PBXFileReference section */
		564FEC92251939CE000682B7 /* AlertControllerTextFieldAppJohnG.app */ = {isa = PBXFileReference; explicitFileType = wrapper.application; includeInIndex = 0; path = AlertControllerTextFieldAppJohnG.app; sourceTree = BUILT_PRODUCTS_DIR; };
		564FEC95251939CE000682B7 /* AppDelegate.swift */ = {isa = PBXFileReference; lastKnownFileType = sourcecode.swift; path = AppDelegate.swift; sourceTree = "<group>"; };
		564FEC97251939CE000682B7 /* SceneDelegate.swift */ = {isa = PBXFileReference; lastKnownFileType = sourcecode.swift; path = SceneDelegate.swift; sourceTree = "<group>"; };
		564FEC99251939CE000682B7 /* ViewController.swift */ = {isa = PBXFileReference; lastKnownFileType = sourcecode.swift; path = ViewController.swift; sourceTree = "<group>"; };
		564FEC9C251939CE000682B7 /* Base */ = {isa = PBXFileReference; lastKnownFileType = file.storyboard; name = Base; path = Base.lproj/Main.storyboard; sourceTree = "<group>"; };
		564FEC9E251939CE000682B7 /* Assets.xcassets */ = {isa = PBXFileReference; lastKnownFileType = folder.assetcatalog; path = Assets.xcassets; sourceTree = "<group>"; };
		564FECA1251939CE000682B7 /* Base */ = {isa = PBXFileReference; lastKnownFileType = file.storyboard; name = Base; path = Base.lproj/LaunchScreen.storyboard; sourceTree = "<group>"; };
		564FECA3251939CE000682B7 /* Info.plist */ = {isa = PBXFileReference; lastKnownFileType = text.plist.xml; path = Info.plist; sourceTree = "<group>"; };
/* End PBXFileReference section */

/* Begin PBXFrameworksBuildPhase section */
		564FEC8F251939CE000682B7 /* Frameworks */ = {
			isa = PBXFrameworksBuildPhase;
			buildActionMask = 2147483647;
			files = (
			);
			runOnlyForDeploymentPostprocessing = 0;
		};
/* End PBXFrameworksBuildPhase section */

/* Begin PBXGroup section */
		564FEC89251939CE000682B7 = {
			isa = PBXGroup;
			children = (
				564FEC94251939CE000682B7 /* AlertControllerTextFieldAppJohnG */,
				564FEC93251939CE000682B7 /* Products */,
			);
			sourceTree = "<group>";
		};
		564FEC93251939CE000682B7 /* Products */ = {
			isa = PBXGroup;
			children = (
				564FEC92251939CE000682B7 /* AlertControllerTextFieldAppJohnG.app */,
			);
			name = Products;
			sourceTree = "<group>";
		};
		564FEC94251939CE000682B7 /* AlertControllerTextFieldAppJohnG */ = {
			isa = PBXGroup;
			children = (
				564FEC95251939CE000682B7 /* AppDelegate.swift */,
				564FEC97251939CE000682B7 /* SceneDelegate.swift */,
				564FEC99251939CE000682B7 /* ViewController.swift */,
				564FEC9B251939CE000682B7 /* Main.storyboard */,
				564FEC9E251939CE000682B7 /* Assets.xcassets */,
				564FECA0251939CE000682B7 /* LaunchScreen.storyboard */,
				564FECA3251939CE000682B7 /* Info.plist */,
			);
			path = AlertControllerTextFieldAppJohnG;
			sourceTree = "<group>";
		};
/* End PBXGroup section */

/* Begin PBXNativeTarget section */
		564FEC91251939CE000682B7 /* AlertControllerTextFieldAppJohnG */ = {
			isa = PBXNativeTarget;
			buildConfigurationList = 564FECA6251939CE000682B7 /* Build configuration list for PBXNativeTarget "AlertControllerTextFieldAppJohnG" */;
			buildPhases = (
				564FEC8E251939CE000682B7 /* Sources */,
				564FEC8F251939CE000682B7 /* Frameworks */,
				564FEC90251939CE000682B7 /* Resources */,
			);
			buildRules = (
			);
			dependencies = (
			);
			name = AlertControllerTextFieldAppJohnG;
			productName = AlertControllerTextFieldAppJohnG;
			productReference = 564FEC92251939CE000682B7 /* AlertControllerTextFieldAppJohnG.app */;
			productType = "com.apple.product-type.application";
		};
/* End PBXNativeTarget section */

/* Begin PBXProject section */
		564FEC8A251939CE000682B7 /* Project object */ = {
			isa = PBXProject;
			attributes = {
				LastSwiftUpdateCheck = 1170;
				LastUpgradeCheck = 1170;
				ORGANIZATIONNAME = "John Grasser";
				TargetAttributes = {
					564FEC91251939CE000682B7 = {
						CreatedOnToolsVersion = 11.7;
					};
				};
			};
			buildConfigurationList = 564FEC8D251939CE000682B7 /* Build configuration list for PBXProject "AlertControllerTextFieldAppJohnG" */;
			compatibilityVersion = "Xcode 9.3";
			developmentRegion = en;
			hasScannedForEncodings = 0;
			knownRegions = (
				en,
				Base,
			);
			mainGroup = 564FEC89251939CE000682B7;
			productRefGroup = 564FEC93251939CE000682B7 /* Products */;
			projectDirPath = "";
			projectRoot = "";
			targets = (
				564FEC91251939CE000682B7 /* AlertControllerTextFieldAppJohnG */,
			);
		};
/* End PBXProject section */

/* Begin PBXResourcesBuildPhase section */
		564FEC90251939CE000682B7 /* Resources */ = {
			isa = PBXResourcesBuildPhase;
			buildActionMask = 2147483647;
			files = (
				564FECA2251939CE000682B7 /* LaunchScreen.storyboard in Resources */,
				564FEC9F251939CE000682B7 /* Assets.xcassets in Resources */,
				564FEC9D251939CE000682B7 /* Main.storyboard in Resources */,
			);
			runOnlyForDeploymentPostprocessing = 0;
		};
/* End PBXResourcesBuildPhase section */

/* Begin PBXSourcesBuildPhase section */
		564FEC8E251939CE000682B7 /* Sources */ = {
			isa = PBXSourcesBuildPhase;
			buildActionMask = 2147483647;
			files = (
				564FEC9A251939CE000682B7 /* ViewController.swift in Sources */,
				564FEC96251939CE000682B7 /* AppDelegate.swift in Sources */,
				564FEC98251939CE000682B7 /* SceneDelegate.swift in Sources */,
			);
			runOnlyForDeploymentPostprocessing = 0;
		};
/* End PBXSourcesBuildPhase section */

/* Begin PBXVariantGroup section */
		564FEC9B251939CE000682B7 /* Main.storyboard */ = {
			isa = PBXVariantGroup;
			children = (
				564FEC9C251939CE000682B7 /* Base */,
			);
			name = Main.storyboard;
			sourceTree = "<group>";
		};
		564FECA0251939CE000682B7 /* LaunchScreen.storyboard */ = {
			isa = PBXVariantGroup;
			children = (
				564FECA1251939CE000682B7 /* Base */,
			);
			name = LaunchScreen.storyboard;
			sourceTree = "<group>";
		};
/* End PBXVariantGroup section */

/* Begin XCBuildConfiguration section */
		564FECA4251939CE000682B7 /* Debug */ = {
			isa = XCBuildConfiguration;
			buildSettings = {
				ALWAYS_SEARCH_USER_PATHS = NO;
				CLANG_ANALYZER_NONNULL = YES;
				CLANG_ANALYZER_NUMBER_OBJECT_CONVERSION = YES_AGGRESSIVE;
				CLANG_CXX_LANGUAGE_STANDARD = "gnu++14";
				CLANG_CXX_LIBRARY = "libc++";
				CLANG_ENABLE_MODULES = YES;
				CLANG_ENABLE_OBJC_ARC = YES;
				CLANG_ENABLE_OBJC_WEAK = YES;
				CLANG_WARN_BLOCK_CAPTURE_AUTORELEASING = YES;
				CLANG_WARN_BOOL_CONVERSION = YES;
				CLANG_WARN_COMMA = YES;
				CLANG_WARN_CONSTANT_CONVERSION = YES;
				CLANG_WARN_DEPRECATED_OBJC_IMPLEMENTATIONS = YES;
				CLANG_WARN_DIRECT_OBJC_ISA_USAGE = YES_ERROR;
				CLANG_WARN_DOCUMENTATION_COMMENTS = YES;
				CLANG_WARN_EMPTY_BODY = YES;
				CLANG_WARN_ENUM_CONVERSION = YES;
				CLANG_WARN_INFINITE_RECURSION = YES;
				CLANG_WARN_INT_CONVERSION = YES;
				CLANG_WARN_NON_LITERAL_NULL_CONVERSION = YES;
				CLANG_WARN_OBJC_IMPLICIT_RETAIN_SELF = YES;
				CLANG_WARN_OBJC_LITERAL_CONVERSION = YES;
				CLANG_WARN_OBJC_ROOT_CLASS = YES_ERROR;
				CLANG_WARN_RANGE_LOOP_ANALYSIS = YES;
				CLANG_WARN_STRICT_PROTOTYPES = YES;
				CLANG_WARN_SUSPICIOUS_MOVE = YES;
				CLANG_WARN_UNGUARDED_AVAILABILITY = YES_AGGRESSIVE;
				CLANG_WARN_UNREACHABLE_CODE = YES;
				CLANG_WARN__DUPLICATE_METHOD_MATCH = YES;
				COPY_PHASE_STRIP = NO;
				DEBUG_INFORMATION_FORMAT = dwarf;
				ENABLE_STRICT_OBJC_MSGSEND = YES;
				ENABLE_TESTABILITY = YES;
				GCC_C_LANGUAGE_STANDARD = gnu11;
				GCC_DYNAMIC_NO_PIC = NO;
				GCC_NO_COMMON_BLOCKS = YES;
				GCC_OPTIMIZATION_LEVEL = 0;
				GCC_PREPROCESSOR_DEFINITIONS = (
					"DEBUG=1",
					"$(inherited)",
				);
				GCC_WARN_64_TO_32_BIT_CONVERSION = YES;
				GCC_WARN_ABOUT_RETURN_TYPE = YES_ERROR;
				GCC_WARN_UNDECLARED_SELECTOR = YES;
				GCC_WARN_UNINITIALIZED_AUTOS = YES_AGGRESSIVE;
				GCC_WARN_UNUSED_FUNCTION = YES;
				GCC_WARN_UNUSED_VARIABLE = YES;
				IPHONEOS_DEPLOYMENT_TARGET = 13.7;
				MTL_ENABLE_DEBUG_INFO = INCLUDE_SOURCE;
				MTL_FAST_MATH = YES;
				ONLY_ACTIVE_ARCH = YES;
				SDKROOT = iphoneos;
				SWIFT_ACTIVE_COMPILATION_CONDITIONS = DEBUG;
				SWIFT_OPTIMIZATION_LEVEL = "-Onone";
			};
			name = Debug;
		};
		564FECA5251939CE000682B7 /* Release */ = {
			isa = XCBuildConfiguration;
			buildSettings = {
				ALWAYS_SEARCH_USER_PATHS = NO;
				CLANG_ANALYZER_NONNULL = YES;
				CLANG_ANALYZER_NUMBER_OBJECT_CONVERSION = YES_AGGRESSIVE;
				CLANG_CXX_LANGUAGE_STANDARD = "gnu++14";
				CLANG_CXX_LIBRARY = "libc++";
				CLANG_ENABLE_MODULES = YES;
				CLANG_ENABLE_OBJC_ARC = YES;
				CLANG_ENABLE_OBJC_WEAK = YES;
				CLANG_WARN_BLOCK_CAPTURE_AUTORELEASING = YES;
				CLANG_WARN_BOOL_CONVERSION = YES;
				CLANG_WARN_COMMA = YES;
				CLANG_WARN_CONSTANT_CONVERSION = YES;
				CLANG_WARN_DEPRECATED_OBJC_IMPLEMENTATIONS = YES;
				CLANG_WARN_DIRECT_OBJC_ISA_USAGE = YES_ERROR;
				CLANG_WARN_DOCUMENTATION_COMMENTS = YES;
				CLANG_WARN_EMPTY_BODY = YES;
				CLANG_WARN_ENUM_CONVERSION = YES;
				CLANG_WARN_INFINITE_RECURSION = YES;
				CLANG_WARN_INT_CONVERSION = YES;
				CLANG_WARN_NON_LITERAL_NULL_CONVERSION = YES;
				CLANG_WARN_OBJC_IMPLICIT_RETAIN_SELF = YES;
				CLANG_WARN_OBJC_LITERAL_CONVERSION = YES;
				CLANG_WARN_OBJC_ROOT_CLASS = YES_ERROR;
				CLANG_WARN_RANGE_LOOP_ANALYSIS = YES;
				CLANG_WARN_STRICT_PROTOTYPES = YES;
				CLANG_WARN_SUSPICIOUS_MOVE = YES;
				CLANG_WARN_UNGUARDED_AVAILABILITY = YES_AGGRESSIVE;
				CLANG_WARN_UNREACHABLE_CODE = YES;
				CLANG_WARN__DUPLICATE_METHOD_MATCH = YES;
				COPY_PHASE_STRIP = NO;
				DEBUG_INFORMATION_FORMAT = "dwarf-with-dsym";
				ENABLE_NS_ASSERTIONS = NO;
				ENABLE_STRICT_OBJC_MSGSEND = YES;
				GCC_C_LANGUAGE_STANDARD = gnu11;
				GCC_NO_COMMON_BLOCKS = YES;
				GCC_WARN_64_TO_32_BIT_CONVERSION = YES;
				GCC_WARN_ABOUT_RETURN_TYPE = YES_ERROR;
				GCC_WARN_UNDECLARED_SELECTOR = YES;
				GCC_WARN_UNINITIALIZED_AUTOS = YES_AGGRESSIVE;
				GCC_WARN_UNUSED_FUNCTION = YES;
				GCC_WARN_UNUSED_VARIABLE = YES;
				IPHONEOS_DEPLOYMENT_TARGET = 13.7;
				MTL_ENABLE_DEBUG_INFO = NO;
				MTL_FAST_MATH = YES;
				SDKROOT = iphoneos;
				SWIFT_COMPILATION_MODE = wholemodule;
				SWIFT_OPTIMIZATION_LEVEL = "-O";
				VALIDATE_PRODUCT = YES;
			};
			name = Release;
		};
		564FECA7251939CE000682B7 /* Debug */ = {
			isa = XCBuildConfiguration;
			buildSettings = {
				ASSETCATALOG_COMPILER_APPICON_NAME = AppIcon;
				CODE_SIGN_STYLE = Automatic;
				INFOPLIST_FILE = AlertControllerTextFieldAppJohnG/Info.plist;
				LD_RUNPATH_SEARCH_PATHS = (
					"$(inherited)",
					"@executable_path/Frameworks",
				);
				PRODUCT_BUNDLE_IDENTIFIER = com.HelloWorld.AlertControllerTextFieldAppJohnG;
				PRODUCT_NAME = "$(TARGET_NAME)";
				SWIFT_VERSION = 5.0;
				TARGETED_DEVICE_FAMILY = "1,2";
			};
			name = Debug;
		};
		564FECA8251939CE000682B7 /* Release */ = {
			isa = XCBuildConfiguration;
			buildSettings = {
				ASSETCATALOG_COMPILER_APPICON_NAME = AppIcon;
				CODE_SIGN_STYLE = Automatic;
				INFOPLIST_FILE = AlertControllerTextFieldAppJohnG/Info.plist;
				LD_RUNPATH_SEARCH_PATHS = (
					"$(inherited)",
					"@executable_path/Frameworks",
				);
				PRODUCT_BUNDLE_IDENTIFIER = com.HelloWorld.AlertControllerTextFieldAppJohnG;
				PRODUCT_NAME = "$(TARGET_NAME)";
				SWIFT_VERSION = 5.0;
				TARGETED_DEVICE_FAMILY = "1,2";
			};
			name = Release;
		};
/* End XCBuildConfiguration section */

/* Begin XCConfigurationList section */
		564FEC8D251939CE000682B7 /* Build configuration list for PBXProject "AlertControllerTextFieldAppJohnG" */ = {
			isa = XCConfigurationList;
			buildConfigurations = (
				564FECA4251939CE000682B7 /* Debug */,
				564FECA5251939CE000682B7 /* Release */,
			);
			defaultConfigurationIsVisible = 0;
			defaultConfigurationName = Release;
		};
		564FECA6251939CE000682B7 /* Build configuration list for PBXNativeTarget "AlertControllerTextFieldAppJohnG" */ = {
			isa = XCConfigurationList;
			buildConfigurations = (
				564FECA7251939CE000682B7 /* Debug */,
				564FECA8251939CE000682B7 /* Release */,
			);
			defaultConfigurationIsVisible = 0;
			defaultConfigurationName = Release;
		};
/* End XCConfigurationList section */
	};
	rootObject = 564FEC8A251939CE000682B7 /* Project object */;
}
